
Microsoft Visual Studio Solution File, Format Version 12.00
# Visual Studio 15
VisualStudioVersion = 15.0.26730.12
MinimumVisualStudioVersion = 10.0.40219.1
Project("{FAE04EC0-301F-11D3-BF4B-00C04F79EFBC}") = "BCIT-Lab2", "BCIT-Lab2\BCIT-Lab2.csproj", "{7F7145E9-9D21-4D92-8ED1-D50F782E1BA9}"
EndProject
Global
	GlobalSection(SolutionConfigurationPlatforms) = preSolution
		Debug|Any CPU = Debug|Any CPU
		Release|Any CPU = Release|Any CPU
	EndGlobalSection
	GlobalSection(ProjectConfigurationPlatforms) = postSolution
		{7F7145E9-9D21-4D92-8ED1-D50F782E1BA9}.Debug|Any CPU.ActiveCfg = Debug|Any CPU
		{7F7145E9-9D21-4D92-8ED1-D50F782E1BA9}.Debug|Any CPU.Build.0 = Debug|Any CPU
		{7F7145E9-9D21-4D92-8ED1-D50F782E1BA9}.Release|Any CPU.ActiveCfg = Release|Any CPU
		{7F7145E9-9D21-4D92-8ED1-D50F782E1BA9}.Release|Any CPU.Build.0 = Release|Any CPU
	EndGlobalSection
	GlobalSection(SolutionProperties) = preSolution
		HideSolutionNode = FALSE
	EndGlobalSection
	GlobalSection(ExtensibilityGlobals) = postSolution
		SolutionGuid = {08AA10C3-5026-47E9-8F3B-36A2F6ECF63E}
	EndGlobalSection
EndGlobal
